// !$*UTF8*$!
{
	archiveVersion = 1;
	classes = {
	};
	objectVersion = 48;
	objects = {

/* Begin PBXBuildFile section */
		805B6F6B2055C7A900B79546 /* main.cpp in Sources */ = {isa = PBXBuildFile; fileRef = 805B6F6A2055C7A900B79546 /* main.cpp */; };
		80BA5FC820571F3000336A80 /* 6502.cpp in Sources */ = {isa = PBXBuildFile; fileRef = 80BA5FC620571F3000336A80 /* 6502.cpp */; };
		80BA5FCB2057250E00336A80 /* RAM.cpp in Sources */ = {isa = PBXBuildFile; fileRef = 80BA5FC92057250E00336A80 /* RAM.cpp */; };
		80CD8C0D2062F62E007DF492 /* ROM.cpp in Sources */ = {isa = PBXBuildFile; fileRef = 80CD8C0B2062F62E007DF492 /* ROM.cpp */; };
		80CD8C102062F640007DF492 /* PPU.cpp in Sources */ = {isa = PBXBuildFile; fileRef = 80CD8C0E2062F640007DF492 /* PPU.cpp */; };
		CE2C8BF82322837F00643BF4 /* CPUTest.cpp in Sources */ = {isa = PBXBuildFile; fileRef = CE2C8BF62322837F00643BF4 /* CPUTest.cpp */; };
		CEA2D1F2232D820800EE1064 /* OpenGL.framework in Frameworks */ = {isa = PBXBuildFile; fileRef = CEA2D1F1232D820800EE1064 /* OpenGL.framework */; };
		CEA2D1F4232D821100EE1064 /* GLUT.framework in Frameworks */ = {isa = PBXBuildFile; fileRef = CEA2D1F3232D821100EE1064 /* GLUT.framework */; };
/* End PBXBuildFile section */

/* Begin PBXCopyFilesBuildPhase section */
		805B6F652055C7A900B79546 /* CopyFiles */ = {
			isa = PBXCopyFilesBuildPhase;
			buildActionMask = 2147483647;
			dstPath = /usr/share/man/man1/;
			dstSubfolderSpec = 0;
			files = (
			);
			runOnlyForDeploymentPostprocessing = 1;
		};
/* End PBXCopyFilesBuildPhase section */

/* Begin PBXFileReference section */
		803F11EC2066E0BC0020FCD2 /* INESBus.hpp */ = {isa = PBXFileReference; lastKnownFileType = sourcecode.cpp.h; path = INESBus.hpp; sourceTree = "<group>"; };
		805B6F672055C7A900B79546 /* NES */ = {isa = PBXFileReference; explicitFileType = "compiled.mach-o.executable"; includeInIndex = 0; path = NES; sourceTree = BUILT_PRODUCTS_DIR; };
		805B6F6A2055C7A900B79546 /* main.cpp */ = {isa = PBXFileReference; lastKnownFileType = sourcecode.cpp.cpp; path = main.cpp; sourceTree = "<group>"; };
		80BA5FC620571F3000336A80 /* 6502.cpp */ = {isa = PBXFileReference; lastKnownFileType = sourcecode.cpp.cpp; path = 6502.cpp; sourceTree = "<group>"; };
		80BA5FC720571F3000336A80 /* 6502.hpp */ = {isa = PBXFileReference; lastKnownFileType = sourcecode.cpp.h; path = 6502.hpp; sourceTree = "<group>"; };
		80BA5FC92057250E00336A80 /* RAM.cpp */ = {isa = PBXFileReference; lastKnownFileType = sourcecode.cpp.cpp; path = RAM.cpp; sourceTree = "<group>"; };
		80BA5FCA2057250E00336A80 /* RAM.hpp */ = {isa = PBXFileReference; lastKnownFileType = sourcecode.cpp.h; path = RAM.hpp; sourceTree = "<group>"; };
		80CD8C0B2062F62E007DF492 /* ROM.cpp */ = {isa = PBXFileReference; lastKnownFileType = sourcecode.cpp.cpp; path = ROM.cpp; sourceTree = "<group>"; };
		80CD8C0C2062F62E007DF492 /* ROM.hpp */ = {isa = PBXFileReference; lastKnownFileType = sourcecode.cpp.h; path = ROM.hpp; sourceTree = "<group>"; };
		80CD8C0E2062F640007DF492 /* PPU.cpp */ = {isa = PBXFileReference; lastKnownFileType = sourcecode.cpp.cpp; path = PPU.cpp; sourceTree = "<group>"; };
		80CD8C0F2062F640007DF492 /* PPU.hpp */ = {isa = PBXFileReference; lastKnownFileType = sourcecode.cpp.h; path = PPU.hpp; sourceTree = "<group>"; };
		CE2C8BF62322837F00643BF4 /* CPUTest.cpp */ = {isa = PBXFileReference; lastKnownFileType = sourcecode.cpp.cpp; name = CPUTest.cpp; path = test/CPUTest.cpp; sourceTree = SOURCE_ROOT; };
		CE2C8BF72322837F00643BF4 /* CPUTest.hpp */ = {isa = PBXFileReference; lastKnownFileType = sourcecode.cpp.h; name = CPUTest.hpp; path = test/CPUTest.hpp; sourceTree = SOURCE_ROOT; };
		CEA2D1F1232D820800EE1064 /* OpenGL.framework */ = {isa = PBXFileReference; lastKnownFileType = wrapper.framework; name = OpenGL.framework; path = System/Library/Frameworks/OpenGL.framework; sourceTree = SDKROOT; };
		CEA2D1F3232D821100EE1064 /* GLUT.framework */ = {isa = PBXFileReference; lastKnownFileType = wrapper.framework; name = GLUT.framework; path = System/Library/Frameworks/GLUT.framework; sourceTree = SDKROOT; };
/* End PBXFileReference section */

/* Begin PBXFrameworksBuildPhase section */
		805B6F642055C7A900B79546 /* Frameworks */ = {
			isa = PBXFrameworksBuildPhase;
			buildActionMask = 2147483647;
			files = (
				CEA2D1F4232D821100EE1064 /* GLUT.framework in Frameworks */,
				CEA2D1F2232D820800EE1064 /* OpenGL.framework in Frameworks */,
			);
			runOnlyForDeploymentPostprocessing = 0;
		};
/* End PBXFrameworksBuildPhase section */

/* Begin PBXGroup section */
		805B6F5E2055C7A900B79546 = {
			isa = PBXGroup;
			children = (
				805B6F692055C7A900B79546 /* NES */,
				805B6F682055C7A900B79546 /* Products */,
				CEA2D1F0232D820800EE1064 /* Frameworks */,
			);
			sourceTree = "<group>";
		};
		805B6F682055C7A900B79546 /* Products */ = {
			isa = PBXGroup;
			children = (
				805B6F672055C7A900B79546 /* NES */,
			);
			name = Products;
			sourceTree = "<group>";
		};
		805B6F692055C7A900B79546 /* NES */ = {
			isa = PBXGroup;
			children = (
				805B6F6A2055C7A900B79546 /* main.cpp */,
				80BA5FC620571F3000336A80 /* 6502.cpp */,
				80BA5FC720571F3000336A80 /* 6502.hpp */,
				80BA5FC92057250E00336A80 /* RAM.cpp */,
				80BA5FCA2057250E00336A80 /* RAM.hpp */,
				80CD8C0B2062F62E007DF492 /* ROM.cpp */,
				80CD8C0C2062F62E007DF492 /* ROM.hpp */,
				80CD8C0E2062F640007DF492 /* PPU.cpp */,
				80CD8C0F2062F640007DF492 /* PPU.hpp */,
				803F11EC2066E0BC0020FCD2 /* INESBus.hpp */,
				CE2C8BF62322837F00643BF4 /* CPUTest.cpp */,
				CE2C8BF72322837F00643BF4 /* CPUTest.hpp */,
			);
			path = NES;
			sourceTree = "<group>";
		};
		CEA2D1F0232D820800EE1064 /* Frameworks */ = {
			isa = PBXGroup;
			children = (
				CEA2D1F3232D821100EE1064 /* GLUT.framework */,
				CEA2D1F1232D820800EE1064 /* OpenGL.framework */,
			);
			name = Frameworks;
			sourceTree = "<group>";
		};
/* End PBXGroup section */

/* Begin PBXNativeTarget section */
		805B6F662055C7A900B79546 /* NES */ = {
			isa = PBXNativeTarget;
			buildConfigurationList = 805B6F6E2055C7A900B79546 /* Build configuration list for PBXNativeTarget "NES" */;
			buildPhases = (
				805B6F632055C7A900B79546 /* Sources */,
				805B6F642055C7A900B79546 /* Frameworks */,
				805B6F652055C7A900B79546 /* CopyFiles */,
			);
			buildRules = (
			);
			dependencies = (
			);
			name = NES;
			productName = NES;
			productReference = 805B6F672055C7A900B79546 /* NES */;
			productType = "com.apple.product-type.tool";
		};
/* End PBXNativeTarget section */

/* Begin PBXProject section */
		805B6F5F2055C7A900B79546 /* Project object */ = {
			isa = PBXProject;
			attributes = {
				LastUpgradeCheck = 0920;
				ORGANIZATIONNAME = "Ahmed Harmouche";
				TargetAttributes = {
					805B6F662055C7A900B79546 = {
						CreatedOnToolsVersion = 9.2;
						ProvisioningStyle = Automatic;
					};
				};
			};
			buildConfigurationList = 805B6F622055C7A900B79546 /* Build configuration list for PBXProject "NES" */;
			compatibilityVersion = "Xcode 8.0";
			developmentRegion = en;
			hasScannedForEncodings = 0;
			knownRegions = (
				en,
			);
			mainGroup = 805B6F5E2055C7A900B79546;
			productRefGroup = 805B6F682055C7A900B79546 /* Products */;
			projectDirPath = "";
			projectRoot = "";
			targets = (
				805B6F662055C7A900B79546 /* NES */,
			);
		};
/* End PBXProject section */

/* Begin PBXSourcesBuildPhase section */
		805B6F632055C7A900B79546 /* Sources */ = {
			isa = PBXSourcesBuildPhase;
			buildActionMask = 2147483647;
			files = (
				80CD8C102062F640007DF492 /* PPU.cpp in Sources */,
				80BA5FCB2057250E00336A80 /* RAM.cpp in Sources */,
				80BA5FC820571F3000336A80 /* 6502.cpp in Sources */,
				80CD8C0D2062F62E007DF492 /* ROM.cpp in Sources */,
				CE2C8BF82322837F00643BF4 /* CPUTest.cpp in Sources */,
				805B6F6B2055C7A900B79546 /* main.cpp in Sources */,
			);
			runOnlyForDeploymentPostprocessing = 0;
		};
/* End PBXSourcesBuildPhase section */

/* Begin XCBuildConfiguration section */
		805B6F6C2055C7A900B79546 /* Debug */ = {
			isa = XCBuildConfiguration;
			buildSettings = {
				ALWAYS_SEARCH_USER_PATHS = NO;
				CLANG_ANALYZER_NONNULL = YES;
				CLANG_ANALYZER_NUMBER_OBJECT_CONVERSION = YES_AGGRESSIVE;
				CLANG_CXX_LANGUAGE_STANDARD = "gnu++14";
				CLANG_CXX_LIBRARY = "libc++";
				CLANG_ENABLE_MODULES = YES;
				CLANG_ENABLE_OBJC_ARC = YES;
				CLANG_WARN_BLOCK_CAPTURE_AUTORELEASING = YES;
				CLANG_WARN_BOOL_CONVERSION = YES;
				CLANG_WARN_COMMA = YES;
				CLANG_WARN_CONSTANT_CONVERSION = YES;
				CLANG_WARN_DIRECT_OBJC_ISA_USAGE = YES_ERROR;
				CLANG_WARN_DOCUMENTATION_COMMENTS = YES;
				CLANG_WARN_EMPTY_BODY = YES;
				CLANG_WARN_ENUM_CONVERSION = YES;
				CLANG_WARN_INFINITE_RECURSION = YES;
				CLANG_WARN_INT_CONVERSION = YES;
				CLANG_WARN_NON_LITERAL_NULL_CONVERSION = YES;
				CLANG_WARN_OBJC_LITERAL_CONVERSION = YES;
				CLANG_WARN_OBJC_ROOT_CLASS = YES_ERROR;
				CLANG_WARN_RANGE_LOOP_ANALYSIS = YES;
				CLANG_WARN_STRICT_PROTOTYPES = YES;
				CLANG_WARN_SUSPICIOUS_MOVE = YES;
				CLANG_WARN_UNGUARDED_AVAILABILITY = YES_AGGRESSIVE;
				CLANG_WARN_UNREACHABLE_CODE = YES;
				CLANG_WARN__DUPLICATE_METHOD_MATCH = YES;
				CODE_SIGN_IDENTITY = "-";
				COPY_PHASE_STRIP = NO;
				DEBUG_INFORMATION_FORMAT = dwarf;
				ENABLE_STRICT_OBJC_MSGSEND = YES;
				ENABLE_TESTABILITY = YES;
				GCC_C_LANGUAGE_STANDARD = gnu11;
				GCC_DYNAMIC_NO_PIC = NO;
				GCC_NO_COMMON_BLOCKS = YES;
				GCC_OPTIMIZATION_LEVEL = 0;
				GCC_PREPROCESSOR_DEFINITIONS = (
					"DEBUG=1",
					"$(inherited)",
				);
				GCC_WARN_64_TO_32_BIT_CONVERSION = YES;
				GCC_WARN_ABOUT_RETURN_TYPE = YES_ERROR;
				GCC_WARN_UNDECLARED_SELECTOR = YES;
				GCC_WARN_UNINITIALIZED_AUTOS = YES_AGGRESSIVE;
				GCC_WARN_UNUSED_FUNCTION = YES;
				GCC_WARN_UNUSED_VARIABLE = YES;
				MACOSX_DEPLOYMENT_TARGET = 10.13;
				MTL_ENABLE_DEBUG_INFO = YES;
				ONLY_ACTIVE_ARCH = YES;
				SDKROOT = macosx;
			};
			name = Debug;
		};
		805B6F6D2055C7A900B79546 /* Release */ = {
			isa = XCBuildConfiguration;
			buildSettings = {
				ALWAYS_SEARCH_USER_PATHS = NO;
				CLANG_ANALYZER_NONNULL = YES;
				CLANG_ANALYZER_NUMBER_OBJECT_CONVERSION = YES_AGGRESSIVE;
				CLANG_CXX_LANGUAGE_STANDARD = "gnu++14";
				CLANG_CXX_LIBRARY = "libc++";
				CLANG_ENABLE_MODULES = YES;
				CLANG_ENABLE_OBJC_ARC = YES;
				CLANG_WARN_BLOCK_CAPTURE_AUTORELEASING = YES;
				CLANG_WARN_BOOL_CONVERSION = YES;
				CLANG_WARN_COMMA = YES;
				CLANG_WARN_CONSTANT_CONVERSION = YES;
				CLANG_WARN_DIRECT_OBJC_ISA_USAGE = YES_ERROR;
				CLANG_WARN_DOCUMENTATION_COMMENTS = YES;
				CLANG_WARN_EMPTY_BODY = YES;
				CLANG_WARN_ENUM_CONVERSION = YES;
				CLANG_WARN_INFINITE_RECURSION = YES;
				CLANG_WARN_INT_CONVERSION = YES;
				CLANG_WARN_NON_LITERAL_NULL_CONVERSION = YES;
				CLANG_WARN_OBJC_LITERAL_CONVERSION = YES;
				CLANG_WARN_OBJC_ROOT_CLASS = YES_ERROR;
				CLANG_WARN_RANGE_LOOP_ANALYSIS = YES;
				CLANG_WARN_STRICT_PROTOTYPES = YES;
				CLANG_WARN_SUSPICIOUS_MOVE = YES;
				CLANG_WARN_UNGUARDED_AVAILABILITY = YES_AGGRESSIVE;
				CLANG_WARN_UNREACHABLE_CODE = YES;
				CLANG_WARN__DUPLICATE_METHOD_MATCH = YES;
				CODE_SIGN_IDENTITY = "-";
				COPY_PHASE_STRIP = NO;
				DEBUG_INFORMATION_FORMAT = "dwarf-with-dsym";
				ENABLE_NS_ASSERTIONS = NO;
				ENABLE_STRICT_OBJC_MSGSEND = YES;
				GCC_C_LANGUAGE_STANDARD = gnu11;
				GCC_NO_COMMON_BLOCKS = YES;
				GCC_WARN_64_TO_32_BIT_CONVERSION = YES;
				GCC_WARN_ABOUT_RETURN_TYPE = YES_ERROR;
				GCC_WARN_UNDECLARED_SELECTOR = YES;
				GCC_WARN_UNINITIALIZED_AUTOS = YES_AGGRESSIVE;
				GCC_WARN_UNUSED_FUNCTION = YES;
				GCC_WARN_UNUSED_VARIABLE = YES;
				MACOSX_DEPLOYMENT_TARGET = 10.13;
				MTL_ENABLE_DEBUG_INFO = NO;
				SDKROOT = macosx;
			};
			name = Release;
		};
		805B6F6F2055C7A900B79546 /* Debug */ = {
			isa = XCBuildConfiguration;
			buildSettings = {
				CODE_SIGN_STYLE = Automatic;
				PRODUCT_NAME = "$(TARGET_NAME)";
			};
			name = Debug;
		};
		805B6F702055C7A900B79546 /* Release */ = {
			isa = XCBuildConfiguration;
			buildSettings = {
				CODE_SIGN_STYLE = Automatic;
				PRODUCT_NAME = "$(TARGET_NAME)";
			};
			name = Release;
		};
/* End XCBuildConfiguration section */

/* Begin XCConfigurationList section */
		805B6F622055C7A900B79546 /* Build configuration list for PBXProject "NES" */ = {
			isa = XCConfigurationList;
			buildConfigurations = (
				805B6F6C2055C7A900B79546 /* Debug */,
				805B6F6D2055C7A900B79546 /* Release */,
			);
			defaultConfigurationIsVisible = 0;
			defaultConfigurationName = Release;
		};
		805B6F6E2055C7A900B79546 /* Build configuration list for PBXNativeTarget "NES" */ = {
			isa = XCConfigurationList;
			buildConfigurations = (
				805B6F6F2055C7A900B79546 /* Debug */,
				805B6F702055C7A900B79546 /* Release */,
			);
			defaultConfigurationIsVisible = 0;
			defaultConfigurationName = Release;
		};
/* End XCConfigurationList section */
	};
	rootObject = 805B6F5F2055C7A900B79546 /* Project object */;
}
